
Microsoft Visual Studio Solution File, Format Version 12.00
# Visual Studio Version 17
VisualStudioVersion = 17.3.32825.248
MinimumVisualStudioVersion = 10.0.40219.1
Project("{FAE04EC0-301F-11D3-BF4B-00C04F79EFBC}") = "Country_data", "Country_data\Country_data.csproj", "{48FB1FF6-D8A2-40E9-9D4F-2A5A1994BBE1}"
EndProject
Global
	GlobalSection(SolutionConfigurationPlatforms) = preSolution
		Debug|Any CPU = Debug|Any CPU
		Release|Any CPU = Release|Any CPU
	EndGlobalSection
	GlobalSection(ProjectConfigurationPlatforms) = postSolution
		{48FB1FF6-D8A2-40E9-9D4F-2A5A1994BBE1}.Debug|Any CPU.ActiveCfg = Debug|Any CPU
		{48FB1FF6-D8A2-40E9-9D4F-2A5A1994BBE1}.Debug|Any CPU.Build.0 = Debug|Any CPU
		{48FB1FF6-D8A2-40E9-9D4F-2A5A1994BBE1}.Release|Any CPU.ActiveCfg = Release|Any CPU
		{48FB1FF6-D8A2-40E9-9D4F-2A5A1994BBE1}.Release|Any CPU.Build.0 = Release|Any CPU
	EndGlobalSection
	GlobalSection(SolutionProperties) = preSolution
		HideSolutionNode = FALSE
	EndGlobalSection
	GlobalSection(ExtensibilityGlobals) = postSolution
		SolutionGuid = {4FBBFE2D-BAE1-4E92-8E67-2B4D0F4C586E}
	EndGlobalSection
EndGlobal
